
Microsoft Visual Studio Solution File, Format Version 12.00
# Visual Studio 15
VisualStudioVersion = 15.0.26228.4
MinimumVisualStudioVersion = 10.0.40219.1
Project("{FAE04EC0-301F-11D3-BF4B-00C04F79EFBC}") = "MLCollectionVisualizers2017", "MLCollectionVisualizers2017\MLCollectionVisualizers2017.csproj", "{C88FC1A1-4416-43F5-BF0E-798553AFC17B}"
EndProject
Project("{FAE04EC0-301F-11D3-BF4B-00C04F79EFBC}") = "PkoCollectionVisualizerTest", "PkoCollectionVisualizerTest\PkoCollectionVisualizerTest.csproj", "{A3905D51-294C-4070-8752-FEDCE3662FFD}"
EndProject
Project("{FAE04EC0-301F-11D3-BF4B-00C04F79EFBC}") = "MLCollectionVisualizers2015", "MLCollectionVisualizers2015\MLCollectionVisualizers2015.csproj", "{59593CD7-E63B-4C48-8F0C-40506D90B394}"
EndProject
Global
	GlobalSection(SolutionConfigurationPlatforms) = preSolution
		Debug|Any CPU = Debug|Any CPU
		Release|Any CPU = Release|Any CPU
	EndGlobalSection
	GlobalSection(ProjectConfigurationPlatforms) = postSolution
		{C88FC1A1-4416-43F5-BF0E-798553AFC17B}.Debug|Any CPU.ActiveCfg = Debug|Any CPU
		{C88FC1A1-4416-43F5-BF0E-798553AFC17B}.Debug|Any CPU.Build.0 = Debug|Any CPU
		{C88FC1A1-4416-43F5-BF0E-798553AFC17B}.Release|Any CPU.ActiveCfg = Release|Any CPU
		{C88FC1A1-4416-43F5-BF0E-798553AFC17B}.Release|Any CPU.Build.0 = Release|Any CPU
		{A3905D51-294C-4070-8752-FEDCE3662FFD}.Debug|Any CPU.ActiveCfg = Debug|Any CPU
		{A3905D51-294C-4070-8752-FEDCE3662FFD}.Debug|Any CPU.Build.0 = Debug|Any CPU
		{A3905D51-294C-4070-8752-FEDCE3662FFD}.Release|Any CPU.ActiveCfg = Release|Any CPU
		{A3905D51-294C-4070-8752-FEDCE3662FFD}.Release|Any CPU.Build.0 = Release|Any CPU
		{59593CD7-E63B-4C48-8F0C-40506D90B394}.Debug|Any CPU.ActiveCfg = Debug|Any CPU
		{59593CD7-E63B-4C48-8F0C-40506D90B394}.Debug|Any CPU.Build.0 = Debug|Any CPU
		{59593CD7-E63B-4C48-8F0C-40506D90B394}.Release|Any CPU.ActiveCfg = Release|Any CPU
		{59593CD7-E63B-4C48-8F0C-40506D90B394}.Release|Any CPU.Build.0 = Release|Any CPU
	EndGlobalSection
	GlobalSection(SolutionProperties) = preSolution
		HideSolutionNode = FALSE
	EndGlobalSection
EndGlobal
